// !$*UTF8*$!
{
	archiveVersion = 1;
	classes = {
	};
	objectVersion = 50;
	objects = {

/* Begin PBXBuildFile section */
		1F7F7563C601199D9C01D301 /* Pods_RideViewer.framework in Frameworks */ = {isa = PBXBuildFile; fileRef = 2DC620C6C93D11AF021E27DB /* Pods_RideViewer.framework */; };
		AD14035F229D92CE0001502F /* EffortList.storyboard in Resources */ = {isa = PBXBuildFile; fileRef = AD14035E229D92CE0001502F /* EffortList.storyboard */; };
		AD140361229D937C0001502F /* RouteProfile.storyboard in Resources */ = {isa = PBXBuildFile; fileRef = AD140360229D937C0001502F /* RouteProfile.storyboard */; };
		AD140363229D97220001502F /* RVAllEffortViewController.swift in Sources */ = {isa = PBXBuildFile; fileRef = AD140362229D97220001502F /* RVAllEffortViewController.swift */; };
		AD2F742D229FD8B000AFA9DC /* Filter.swift in Sources */ = {isa = PBXBuildFile; fileRef = AD2F742C229FD8B000AFA9DC /* Filter.swift */; };
		AD31B336229E8AB700F41FE8 /* InitialViewController.swift in Sources */ = {isa = PBXBuildFile; fileRef = AD31B335229E8AB700F41FE8 /* InitialViewController.swift */; };
		AD558A1322A53DC600F106F0 /* RefreshViewController.swift in Sources */ = {isa = PBXBuildFile; fileRef = AD558A1222A53DC600F106F0 /* RefreshViewController.swift */; };
		AD70F7FB2292DEE500E02FBA /* EffortAnalysisViewController.swift in Sources */ = {isa = PBXBuildFile; fileRef = AD70F7FA2292DEE500E02FBA /* EffortAnalysisViewController.swift */; };
		F4031DB62242A70500093B2E /* StreamOwner.swift in Sources */ = {isa = PBXBuildFile; fileRef = F4031DB52242A70500093B2E /* StreamOwner.swift */; };
		F4048CAA2236B88500502DA5 /* RVSortFilterTableView.swift in Sources */ = {isa = PBXBuildFile; fileRef = F4048CA92236B88500502DA5 /* RVSortFilterTableView.swift */; };
		F4048CB02236BCB700502DA5 /* RVEffortListViewController.swift in Sources */ = {isa = PBXBuildFile; fileRef = F4048CAF2236BCB700502DA5 /* RVEffortListViewController.swift */; };
		F40CC8AC21D666EE00EC3594 /* Views.swift in Sources */ = {isa = PBXBuildFile; fileRef = F40CC8AB21D666EE00EC3594 /* Views.swift */; };
		F41C7A2D21D0E7E5003A5C31 /* Images.xcassets in Resources */ = {isa = PBXBuildFile; fileRef = F41C7A2C21D0E7E5003A5C31 /* Images.xcassets */; };
		F41C7A2F21D0E820003A5C31 /* StravaConnectViewController.swift in Sources */ = {isa = PBXBuildFile; fileRef = F41C7A2E21D0E820003A5C31 /* StravaConnectViewController.swift */; };
		F41C7A3121D12EFA003A5C31 /* Display Extensions.swift in Sources */ = {isa = PBXBuildFile; fileRef = F41C7A3021D12EFA003A5C31 /* Display Extensions.swift */; };
		F4213A9B221EB94700FE8844 /* ConnectViewController.swift in Sources */ = {isa = PBXBuildFile; fileRef = F4213A9A221EB94700FE8844 /* ConnectViewController.swift */; };
		F42585A6224161CA00BCDA86 /* ViewProfileData.swift in Sources */ = {isa = PBXBuildFile; fileRef = F42585A5224161CA00BCDA86 /* ViewProfileData.swift */; };
		F429A6F621D7ECF500A053DE /* RVSegmentListViewController.swift in Sources */ = {isa = PBXBuildFile; fileRef = F429A6F521D7ECF500A053DE /* RVSegmentListViewController.swift */; };
		F429A6F821D7F23000A053DE /* Data Model Extensions.swift in Sources */ = {isa = PBXBuildFile; fileRef = F429A6F721D7F23000A053DE /* Data Model Extensions.swift */; };
		F42ECEE421CF91130096F83B /* AppDelegate.swift in Sources */ = {isa = PBXBuildFile; fileRef = F42ECEE321CF91130096F83B /* AppDelegate.swift */; };
		F42ECEE921CF91130096F83B /* Main.storyboard in Resources */ = {isa = PBXBuildFile; fileRef = F42ECEE721CF91130096F83B /* Main.storyboard */; };
		F42ECEEC21CF91130096F83B /* RideViewer.xcdatamodeld in Sources */ = {isa = PBXBuildFile; fileRef = F42ECEEA21CF91130096F83B /* RideViewer.xcdatamodeld */; };
		F42ECEEE21CF91150096F83B /* Assets.xcassets in Resources */ = {isa = PBXBuildFile; fileRef = F42ECEED21CF91150096F83B /* Assets.xcassets */; };
		F42ECEF121CF91150096F83B /* LaunchScreen.storyboard in Resources */ = {isa = PBXBuildFile; fileRef = F42ECEEF21CF91150096F83B /* LaunchScreen.storyboard */; };
		F42ECEFE21CFA6790096F83B /* RVActivity+CoreDataClass.swift in Sources */ = {isa = PBXBuildFile; fileRef = F42ECEFC21CFA6790096F83B /* RVActivity+CoreDataClass.swift */; };
		F42ECEFF21CFA6790096F83B /* RVActivity+CoreDataProperties.swift in Sources */ = {isa = PBXBuildFile; fileRef = F42ECEFD21CFA6790096F83B /* RVActivity+CoreDataProperties.swift */; };
		F42ECF0121CFD25E0096F83B /* RVActivityListViewController.swift in Sources */ = {isa = PBXBuildFile; fileRef = F42ECF0021CFD25E0096F83B /* RVActivityListViewController.swift */; };
		F42ECF0421CFD3090096F83B /* ActivityDetailViewController.swift in Sources */ = {isa = PBXBuildFile; fileRef = F42ECF0321CFD3090096F83B /* ActivityDetailViewController.swift */; };
		F42ECF0921CFD5FF0096F83B /* DataManager.swift in Sources */ = {isa = PBXBuildFile; fileRef = F42ECF0821CFD5FF0096F83B /* DataManager.swift */; };
		F42ECF0B21CFE1A50096F83B /* MOC Extensions.swift in Sources */ = {isa = PBXBuildFile; fileRef = F42ECF0A21CFE1A50096F83B /* MOC Extensions.swift */; };
		F42ECF1021CFEBC20096F83B /* Strava Manager.swift in Sources */ = {isa = PBXBuildFile; fileRef = F42ECF0F21CFEBC20096F83B /* Strava Manager.swift */; };
		F4551A0722328386004F0767 /* MapKit extensions.swift in Sources */ = {isa = PBXBuildFile; fileRef = F4551A0622328386004F0767 /* MapKit extensions.swift */; };
		F461168F21E0A4BF00E2693C /* PopupChooser.storyboard in Resources */ = {isa = PBXBuildFile; fileRef = F461168E21E0A4BF00E2693C /* PopupChooser.storyboard */; };
		F4611B9F21F3935C00EDFC13 /* General Utilities.swift in Sources */ = {isa = PBXBuildFile; fileRef = F4611B9E21F3935C00EDFC13 /* General Utilities.swift */; };
		F475B72721D232BC0028F2AF /* StravaSwift Extensions.swift in Sources */ = {isa = PBXBuildFile; fileRef = F475B72621D232BC0028F2AF /* StravaSwift Extensions.swift */; };
		F47B5DD022426ADD00A765EA /* Constants.swift in Sources */ = {isa = PBXBuildFile; fileRef = F47B5DCF22426ADD00A765EA /* Constants.swift */; };
		F47B92632232CF0000B83303 /* RVSplitViewController.swift in Sources */ = {isa = PBXBuildFile; fileRef = F47B92622232CF0000B83303 /* RVSplitViewController.swift */; };
		F49E07DC21E1244000A0D678 /* SegmentDetailViewController.swift in Sources */ = {isa = PBXBuildFile; fileRef = F49E07DB21E1244000A0D678 /* SegmentDetailViewController.swift */; };
		F4AAD80B21DCF788006ED5DD /* SettingsTableViewController.swift in Sources */ = {isa = PBXBuildFile; fileRef = F4AAD80A21DCF788006ED5DD /* SettingsTableViewController.swift */; };
		F4AAD80D21DD251C006ED5DD /* Settings.swift in Sources */ = {isa = PBXBuildFile; fileRef = F4AAD80C21DD251C006ED5DD /* Settings.swift */; };
		F4BDDFBD21DFD19300E4668B /* PopupChooser.swift in Sources */ = {isa = PBXBuildFile; fileRef = F4BDDFBC21DFD19300E4668B /* PopupChooser.swift */; };
		F4C113D221D6790B00188A30 /* RVEffort+CoreDataClass.swift in Sources */ = {isa = PBXBuildFile; fileRef = F4C113CE21D6790B00188A30 /* RVEffort+CoreDataClass.swift */; };
		F4C113D321D6790B00188A30 /* RVEffort+CoreDataProperties.swift in Sources */ = {isa = PBXBuildFile; fileRef = F4C113CF21D6790B00188A30 /* RVEffort+CoreDataProperties.swift */; };
		F4C113D421D6790B00188A30 /* RVSegment+CoreDataClass.swift in Sources */ = {isa = PBXBuildFile; fileRef = F4C113D021D6790B00188A30 /* RVSegment+CoreDataClass.swift */; };
		F4C113D521D6790B00188A30 /* RVSegment+CoreDataProperties.swift in Sources */ = {isa = PBXBuildFile; fileRef = F4C113D121D6790B00188A30 /* RVSegment+CoreDataProperties.swift */; };
		F4C44BEB2271ADF9009139C3 /* Chart Utilities.swift in Sources */ = {isa = PBXBuildFile; fileRef = F4C44BEA2271ADF9009139C3 /* Chart Utilities.swift */; };
		F4DC5A1921D4C7B50017983E /* Distance Utilities.swift in Sources */ = {isa = PBXBuildFile; fileRef = F4DC5A1821D4C7B50017983E /* Distance Utilities.swift */; };
		F4ED1BE02208AEB600821D76 /* RVMapView.swift in Sources */ = {isa = PBXBuildFile; fileRef = F4ED1BDF2208AEB600821D76 /* RVMapView.swift */; };
		F4ED1BE22208B02A00821D76 /* RVRouteProfileView.swift in Sources */ = {isa = PBXBuildFile; fileRef = F4ED1BE12208B02A00821D76 /* RVRouteProfileView.swift */; };
		F4F5195021FB79C3005D3752 /* RVStreamData+CoreDataClass.swift in Sources */ = {isa = PBXBuildFile; fileRef = F4F5194C21FB79C3005D3752 /* RVStreamData+CoreDataClass.swift */; };
		F4F5195121FB79C3005D3752 /* RVStreamData+CoreDataProperties.swift in Sources */ = {isa = PBXBuildFile; fileRef = F4F5194D21FB79C3005D3752 /* RVStreamData+CoreDataProperties.swift */; };
		F4F5195221FB79C3005D3752 /* RVStream+CoreDataClass.swift in Sources */ = {isa = PBXBuildFile; fileRef = F4F5194E21FB79C3005D3752 /* RVStream+CoreDataClass.swift */; };
		F4F5195321FB79C4005D3752 /* RVStream+CoreDataProperties.swift in Sources */ = {isa = PBXBuildFile; fileRef = F4F5194F21FB79C3005D3752 /* RVStream+CoreDataProperties.swift */; };
		F4FD52E52229AB850005CFC9 /* RVRouteProfileViewController.swift in Sources */ = {isa = PBXBuildFile; fileRef = F4FD52E42229AB850005CFC9 /* RVRouteProfileViewController.swift */; };
		FA3F242B21DA7AC80048A828 /* RVMap+CoreDataClass.swift in Sources */ = {isa = PBXBuildFile; fileRef = FA3F242921DA7AC80048A828 /* RVMap+CoreDataClass.swift */; };
		FA3F242C21DA7AC80048A828 /* RVMap+CoreDataProperties.swift in Sources */ = {isa = PBXBuildFile; fileRef = FA3F242A21DA7AC80048A828 /* RVMap+CoreDataProperties.swift */; };
/* End PBXBuildFile section */

/* Begin PBXFileReference section */
		2DC620C6C93D11AF021E27DB /* Pods_RideViewer.framework */ = {isa = PBXFileReference; explicitFileType = wrapper.framework; includeInIndex = 0; path = Pods_RideViewer.framework; sourceTree = BUILT_PRODUCTS_DIR; };
		590E5ACF93A252F741663B7D /* Pods-RideViewer.debug.xcconfig */ = {isa = PBXFileReference; includeInIndex = 1; lastKnownFileType = text.xcconfig; name = "Pods-RideViewer.debug.xcconfig"; path = "Pods/Target Support Files/Pods-RideViewer/Pods-RideViewer.debug.xcconfig"; sourceTree = "<group>"; };
		AD14035E229D92CE0001502F /* EffortList.storyboard */ = {isa = PBXFileReference; fileEncoding = 4; lastKnownFileType = file.storyboard; path = EffortList.storyboard; sourceTree = "<group>"; };
		AD140360229D937C0001502F /* RouteProfile.storyboard */ = {isa = PBXFileReference; fileEncoding = 4; lastKnownFileType = file.storyboard; path = RouteProfile.storyboard; sourceTree = "<group>"; };
		AD140362229D97220001502F /* RVAllEffortViewController.swift */ = {isa = PBXFileReference; lastKnownFileType = sourcecode.swift; path = RVAllEffortViewController.swift; sourceTree = "<group>"; };
		AD2F742C229FD8B000AFA9DC /* Filter.swift */ = {isa = PBXFileReference; lastKnownFileType = sourcecode.swift; path = Filter.swift; sourceTree = "<group>"; };
		AD31B335229E8AB700F41FE8 /* InitialViewController.swift */ = {isa = PBXFileReference; lastKnownFileType = sourcecode.swift; name = InitialViewController.swift; path = "View Controllers/InitialViewController.swift"; sourceTree = SOURCE_ROOT; };
		AD558A1222A53DC600F106F0 /* RefreshViewController.swift */ = {isa = PBXFileReference; lastKnownFileType = sourcecode.swift; path = RefreshViewController.swift; sourceTree = "<group>"; };
		AD70F7FA2292DEE500E02FBA /* EffortAnalysisViewController.swift */ = {isa = PBXFileReference; lastKnownFileType = sourcecode.swift; name = EffortAnalysisViewController.swift; path = "Detail View Controllers/EffortAnalysisViewController.swift"; sourceTree = "<group>"; };
		D272B46FE80E68DEE976D7CC /* Pods-RideViewer.release.xcconfig */ = {isa = PBXFileReference; includeInIndex = 1; lastKnownFileType = text.xcconfig; name = "Pods-RideViewer.release.xcconfig"; path = "Pods/Target Support Files/Pods-RideViewer/Pods-RideViewer.release.xcconfig"; sourceTree = "<group>"; };
		F4031DB52242A70500093B2E /* StreamOwner.swift */ = {isa = PBXFileReference; lastKnownFileType = sourcecode.swift; path = StreamOwner.swift; sourceTree = "<group>"; };
		F4048CA92236B88500502DA5 /* RVSortFilterTableView.swift */ = {isa = PBXFileReference; lastKnownFileType = sourcecode.swift; path = RVSortFilterTableView.swift; sourceTree = "<group>"; };
		F4048CAF2236BCB700502DA5 /* RVEffortListViewController.swift */ = {isa = PBXFileReference; lastKnownFileType = sourcecode.swift; path = RVEffortListViewController.swift; sourceTree = "<group>"; };
		F40CC8AB21D666EE00EC3594 /* Views.swift */ = {isa = PBXFileReference; lastKnownFileType = sourcecode.swift; path = Views.swift; sourceTree = "<group>"; };
		F41C7A2C21D0E7E5003A5C31 /* Images.xcassets */ = {isa = PBXFileReference; lastKnownFileType = folder.assetcatalog; path = Images.xcassets; sourceTree = "<group>"; };
		F41C7A2E21D0E820003A5C31 /* StravaConnectViewController.swift */ = {isa = PBXFileReference; lastKnownFileType = sourcecode.swift; name = StravaConnectViewController.swift; path = "Detail View Controllers/StravaConnectViewController.swift"; sourceTree = "<group>"; };
		F41C7A3021D12EFA003A5C31 /* Display Extensions.swift */ = {isa = PBXFileReference; lastKnownFileType = sourcecode.swift; path = "Display Extensions.swift"; sourceTree = "<group>"; };
		F4213A9A221EB94700FE8844 /* ConnectViewController.swift */ = {isa = PBXFileReference; lastKnownFileType = sourcecode.swift; path = ConnectViewController.swift; sourceTree = "<group>"; };
		F42585A5224161CA00BCDA86 /* ViewProfileData.swift */ = {isa = PBXFileReference; lastKnownFileType = sourcecode.swift; path = ViewProfileData.swift; sourceTree = "<group>"; };
		F429A6F521D7ECF500A053DE /* RVSegmentListViewController.swift */ = {isa = PBXFileReference; lastKnownFileType = sourcecode.swift; path = RVSegmentListViewController.swift; sourceTree = "<group>"; };
		F429A6F721D7F23000A053DE /* Data Model Extensions.swift */ = {isa = PBXFileReference; lastKnownFileType = sourcecode.swift; path = "Data Model Extensions.swift"; sourceTree = "<group>"; };
		F42ECEE021CF91130096F83B /* RideViewer.app */ = {isa = PBXFileReference; explicitFileType = wrapper.application; includeInIndex = 0; path = RideViewer.app; sourceTree = BUILT_PRODUCTS_DIR; };
		F42ECEE321CF91130096F83B /* AppDelegate.swift */ = {isa = PBXFileReference; lastKnownFileType = sourcecode.swift; path = AppDelegate.swift; sourceTree = "<group>"; };
		F42ECEE821CF91130096F83B /* Base */ = {isa = PBXFileReference; lastKnownFileType = file.storyboard; name = Base; path = Base.lproj/Main.storyboard; sourceTree = "<group>"; };
		F42ECEEB21CF91130096F83B /* RideViewer.xcdatamodel */ = {isa = PBXFileReference; lastKnownFileType = wrapper.xcdatamodel; path = RideViewer.xcdatamodel; sourceTree = "<group>"; };
		F42ECEED21CF91150096F83B /* Assets.xcassets */ = {isa = PBXFileReference; lastKnownFileType = folder.assetcatalog; path = Assets.xcassets; sourceTree = "<group>"; };
		F42ECEF021CF91150096F83B /* Base */ = {isa = PBXFileReference; lastKnownFileType = file.storyboard; name = Base; path = Base.lproj/LaunchScreen.storyboard; sourceTree = "<group>"; };
		F42ECEF221CF91150096F83B /* Info.plist */ = {isa = PBXFileReference; lastKnownFileType = text.plist.xml; name = Info.plist; path = ../RideViewer/Info.plist; sourceTree = "<group>"; };
		F42ECEFC21CFA6790096F83B /* RVActivity+CoreDataClass.swift */ = {isa = PBXFileReference; lastKnownFileType = sourcecode.swift; path = "RVActivity+CoreDataClass.swift"; sourceTree = "<group>"; };
		F42ECEFD21CFA6790096F83B /* RVActivity+CoreDataProperties.swift */ = {isa = PBXFileReference; lastKnownFileType = sourcecode.swift; path = "RVActivity+CoreDataProperties.swift"; sourceTree = "<group>"; };
		F42ECF0021CFD25E0096F83B /* RVActivityListViewController.swift */ = {isa = PBXFileReference; lastKnownFileType = sourcecode.swift; path = RVActivityListViewController.swift; sourceTree = "<group>"; };
		F42ECF0321CFD3090096F83B /* ActivityDetailViewController.swift */ = {isa = PBXFileReference; lastKnownFileType = sourcecode.swift; name = ActivityDetailViewController.swift; path = "Detail View Controllers/ActivityDetailViewController.swift"; sourceTree = "<group>"; };
		F42ECF0821CFD5FF0096F83B /* DataManager.swift */ = {isa = PBXFileReference; fileEncoding = 4; lastKnownFileType = sourcecode.swift; path = DataManager.swift; sourceTree = "<group>"; };
		F42ECF0A21CFE1A50096F83B /* MOC Extensions.swift */ = {isa = PBXFileReference; fileEncoding = 4; lastKnownFileType = sourcecode.swift; path = "MOC Extensions.swift"; sourceTree = "<group>"; };
		F42ECF0F21CFEBC20096F83B /* Strava Manager.swift */ = {isa = PBXFileReference; lastKnownFileType = sourcecode.swift; path = "Strava Manager.swift"; sourceTree = "<group>"; };
		F4551A0622328386004F0767 /* MapKit extensions.swift */ = {isa = PBXFileReference; lastKnownFileType = sourcecode.swift; name = "MapKit extensions.swift"; path = "Display Extensions/MapKit extensions.swift"; sourceTree = SOURCE_ROOT; };
		F461168E21E0A4BF00E2693C /* PopupChooser.storyboard */ = {isa = PBXFileReference; lastKnownFileType = file.storyboard; path = PopupChooser.storyboard; sourceTree = "<group>"; };
		F4611B9E21F3935C00EDFC13 /* General Utilities.swift */ = {isa = PBXFileReference; lastKnownFileType = sourcecode.swift; path = "General Utilities.swift"; sourceTree = "<group>"; };
		F475B72621D232BC0028F2AF /* StravaSwift Extensions.swift */ = {isa = PBXFileReference; lastKnownFileType = sourcecode.swift; path = "StravaSwift Extensions.swift"; sourceTree = "<group>"; };
		F47B5DCF22426ADD00A765EA /* Constants.swift */ = {isa = PBXFileReference; lastKnownFileType = sourcecode.swift; path = Constants.swift; sourceTree = "<group>"; };
		F47B92622232CF0000B83303 /* RVSplitViewController.swift */ = {isa = PBXFileReference; lastKnownFileType = sourcecode.swift; path = RVSplitViewController.swift; sourceTree = "<group>"; };
		F49E07DB21E1244000A0D678 /* SegmentDetailViewController.swift */ = {isa = PBXFileReference; lastKnownFileType = sourcecode.swift; name = SegmentDetailViewController.swift; path = "Detail View Controllers/SegmentDetailViewController.swift"; sourceTree = "<group>"; };
		F4AAD80A21DCF788006ED5DD /* SettingsTableViewController.swift */ = {isa = PBXFileReference; lastKnownFileType = sourcecode.swift; path = SettingsTableViewController.swift; sourceTree = "<group>"; };
		F4AAD80C21DD251C006ED5DD /* Settings.swift */ = {isa = PBXFileReference; lastKnownFileType = sourcecode.swift; path = Settings.swift; sourceTree = "<group>"; };
		F4BDDFBC21DFD19300E4668B /* PopupChooser.swift */ = {isa = PBXFileReference; fileEncoding = 4; lastKnownFileType = sourcecode.swift; path = PopupChooser.swift; sourceTree = "<group>"; };
		F4C113CE21D6790B00188A30 /* RVEffort+CoreDataClass.swift */ = {isa = PBXFileReference; lastKnownFileType = sourcecode.swift; path = "RVEffort+CoreDataClass.swift"; sourceTree = "<group>"; };
		F4C113CF21D6790B00188A30 /* RVEffort+CoreDataProperties.swift */ = {isa = PBXFileReference; lastKnownFileType = sourcecode.swift; path = "RVEffort+CoreDataProperties.swift"; sourceTree = "<group>"; };
		F4C113D021D6790B00188A30 /* RVSegment+CoreDataClass.swift */ = {isa = PBXFileReference; lastKnownFileType = sourcecode.swift; path = "RVSegment+CoreDataClass.swift"; sourceTree = "<group>"; };
		F4C113D121D6790B00188A30 /* RVSegment+CoreDataProperties.swift */ = {isa = PBXFileReference; lastKnownFileType = sourcecode.swift; path = "RVSegment+CoreDataProperties.swift"; sourceTree = "<group>"; };
		F4C44BEA2271ADF9009139C3 /* Chart Utilities.swift */ = {isa = PBXFileReference; lastKnownFileType = sourcecode.swift; path = "Chart Utilities.swift"; sourceTree = "<group>"; };
		F4DC5A1821D4C7B50017983E /* Distance Utilities.swift */ = {isa = PBXFileReference; fileEncoding = 4; lastKnownFileType = sourcecode.swift; path = "Distance Utilities.swift"; sourceTree = "<group>"; };
		F4ED1BDF2208AEB600821D76 /* RVMapView.swift */ = {isa = PBXFileReference; lastKnownFileType = sourcecode.swift; path = RVMapView.swift; sourceTree = "<group>"; };
		F4ED1BE12208B02A00821D76 /* RVRouteProfileView.swift */ = {isa = PBXFileReference; lastKnownFileType = sourcecode.swift; path = RVRouteProfileView.swift; sourceTree = "<group>"; };
		F4F5194C21FB79C3005D3752 /* RVStreamData+CoreDataClass.swift */ = {isa = PBXFileReference; lastKnownFileType = sourcecode.swift; path = "RVStreamData+CoreDataClass.swift"; sourceTree = "<group>"; };
		F4F5194D21FB79C3005D3752 /* RVStreamData+CoreDataProperties.swift */ = {isa = PBXFileReference; lastKnownFileType = sourcecode.swift; path = "RVStreamData+CoreDataProperties.swift"; sourceTree = "<group>"; };
		F4F5194E21FB79C3005D3752 /* RVStream+CoreDataClass.swift */ = {isa = PBXFileReference; lastKnownFileType = sourcecode.swift; path = "RVStream+CoreDataClass.swift"; sourceTree = "<group>"; };
		F4F5194F21FB79C3005D3752 /* RVStream+CoreDataProperties.swift */ = {isa = PBXFileReference; lastKnownFileType = sourcecode.swift; path = "RVStream+CoreDataProperties.swift"; sourceTree = "<group>"; };
		F4FD52E42229AB850005CFC9 /* RVRouteProfileViewController.swift */ = {isa = PBXFileReference; lastKnownFileType = sourcecode.swift; path = RVRouteProfileViewController.swift; sourceTree = "<group>"; };
		FA3F242921DA7AC80048A828 /* RVMap+CoreDataClass.swift */ = {isa = PBXFileReference; lastKnownFileType = sourcecode.swift; path = "RVMap+CoreDataClass.swift"; sourceTree = "<group>"; };
		FA3F242A21DA7AC80048A828 /* RVMap+CoreDataProperties.swift */ = {isa = PBXFileReference; lastKnownFileType = sourcecode.swift; path = "RVMap+CoreDataProperties.swift"; sourceTree = "<group>"; };
/* End PBXFileReference section */

/* Begin PBXFrameworksBuildPhase section */
		F42ECEDD21CF91130096F83B /* Frameworks */ = {
			isa = PBXFrameworksBuildPhase;
			buildActionMask = 2147483647;
			files = (
				1F7F7563C601199D9C01D301 /* Pods_RideViewer.framework in Frameworks */,
			);
			runOnlyForDeploymentPostprocessing = 0;
		};
/* End PBXFrameworksBuildPhase section */

/* Begin PBXGroup section */
		9E3070EACA1EDB68386C055E /* Frameworks */ = {
			isa = PBXGroup;
			children = (
				2DC620C6C93D11AF021E27DB /* Pods_RideViewer.framework */,
			);
			name = Frameworks;
			sourceTree = "<group>";
		};
		A50DCAEEAF1C427777F084DE /* Pods */ = {
			isa = PBXGroup;
			children = (
				590E5ACF93A252F741663B7D /* Pods-RideViewer.debug.xcconfig */,
				D272B46FE80E68DEE976D7CC /* Pods-RideViewer.release.xcconfig */,
			);
			name = Pods;
			sourceTree = "<group>";
		};
		F40CC8AD21D666F500EC3594 /* Views */ = {
			isa = PBXGroup;
			children = (
				F40CC8AB21D666EE00EC3594 /* Views.swift */,
				F4048CA92236B88500502DA5 /* RVSortFilterTableView.swift */,
				F4ED1BE12208B02A00821D76 /* RVRouteProfileView.swift */,
				F4ED1BDF2208AEB600821D76 /* RVMapView.swift */,
			);
			path = Views;
			sourceTree = "<group>";
		};
		F41C7A3221D12F0C003A5C31 /* Display Extensions */ = {
			isa = PBXGroup;
			children = (
				F41C7A3021D12EFA003A5C31 /* Display Extensions.swift */,
				F4551A0622328386004F0767 /* MapKit extensions.swift */,
			);
			name = "Display Extensions";
			path = "New Group";
			sourceTree = "<group>";
		};
		F42ECED721CF91130096F83B = {
			isa = PBXGroup;
			children = (
				F4DC5A1A21D4C7CC0017983E /* Utilities */,
				F41C7A3221D12F0C003A5C31 /* Display Extensions */,
				F40CC8AD21D666F500EC3594 /* Views */,
				F4FD52E32229AB5A0005CFC9 /* View Controllers */,
				F42ECEE221CF91130096F83B /* RideViewer */,
				F42ECF0221CFD28C0096F83B /* List View Controllers */,
				F42ECF0521CFD3130096F83B /* Detail View Controllers */,
				F42ECEFB21CF92660096F83B /* Storyboards */,
				F42ECEF921CF92430096F83B /* Data Model */,
				F42ECEF821CF922B0096F83B /* Supporting files */,
				F42ECF0C21CFE4B70096F83B /* Data Loading */,
				F42ECEE121CF91130096F83B /* Products */,
				A50DCAEEAF1C427777F084DE /* Pods */,
				9E3070EACA1EDB68386C055E /* Frameworks */,
			);
			sourceTree = "<group>";
		};
		F42ECEE121CF91130096F83B /* Products */ = {
			isa = PBXGroup;
			children = (
				F42ECEE021CF91130096F83B /* RideViewer.app */,
			);
			name = Products;
			sourceTree = "<group>";
		};
		F42ECEE221CF91130096F83B /* RideViewer */ = {
			isa = PBXGroup;
			children = (
				F42ECEE321CF91130096F83B /* AppDelegate.swift */,
			);
			path = RideViewer;
			sourceTree = "<group>";
		};
		F42ECEF821CF922B0096F83B /* Supporting files */ = {
			isa = PBXGroup;
			children = (
				F41C7A2C21D0E7E5003A5C31 /* Images.xcassets */,
				F42ECEED21CF91150096F83B /* Assets.xcassets */,
				F42ECEF221CF91150096F83B /* Info.plist */,
			);
			path = "Supporting files";
			sourceTree = "<group>";
		};
		F42ECEF921CF92430096F83B /* Data Model */ = {
			isa = PBXGroup;
			children = (
				F4F5194C21FB79C3005D3752 /* RVStreamData+CoreDataClass.swift */,
				F4F5194D21FB79C3005D3752 /* RVStreamData+CoreDataProperties.swift */,
				F4F5194E21FB79C3005D3752 /* RVStream+CoreDataClass.swift */,
				F4F5194F21FB79C3005D3752 /* RVStream+CoreDataProperties.swift */,
				FA3F242921DA7AC80048A828 /* RVMap+CoreDataClass.swift */,
				FA3F242A21DA7AC80048A828 /* RVMap+CoreDataProperties.swift */,
				F4C113CE21D6790B00188A30 /* RVEffort+CoreDataClass.swift */,
				F4C113CF21D6790B00188A30 /* RVEffort+CoreDataProperties.swift */,
				F4C113D021D6790B00188A30 /* RVSegment+CoreDataClass.swift */,
				F4C113D121D6790B00188A30 /* RVSegment+CoreDataProperties.swift */,
				F42ECF0A21CFE1A50096F83B /* MOC Extensions.swift */,
				F42ECEFC21CFA6790096F83B /* RVActivity+CoreDataClass.swift */,
				F42ECEFD21CFA6790096F83B /* RVActivity+CoreDataProperties.swift */,
				F42ECEEA21CF91130096F83B /* RideViewer.xcdatamodeld */,
				F429A6F721D7F23000A053DE /* Data Model Extensions.swift */,
			);
			path = "Data Model";
			sourceTree = "<group>";
		};
		F42ECEFB21CF92660096F83B /* Storyboards */ = {
			isa = PBXGroup;
			children = (
				AD140360229D937C0001502F /* RouteProfile.storyboard */,
				AD14035E229D92CE0001502F /* EffortList.storyboard */,
				F461168E21E0A4BF00E2693C /* PopupChooser.storyboard */,
				F42ECEE721CF91130096F83B /* Main.storyboard */,
				F42ECEEF21CF91150096F83B /* LaunchScreen.storyboard */,
			);
			path = Storyboards;
			sourceTree = "<group>";
		};
		F42ECF0221CFD28C0096F83B /* List View Controllers */ = {
			isa = PBXGroup;
			children = (
				AD140362229D97220001502F /* RVAllEffortViewController.swift */,
				F42ECF0821CFD5FF0096F83B /* DataManager.swift */,
				F4048CAF2236BCB700502DA5 /* RVEffortListViewController.swift */,
				F42ECF0021CFD25E0096F83B /* RVActivityListViewController.swift */,
				F429A6F521D7ECF500A053DE /* RVSegmentListViewController.swift */,
			);
			name = "List View Controllers";
			path = "View Controllers/List View Controllers";
			sourceTree = "<group>";
		};
		F42ECF0521CFD3130096F83B /* Detail View Controllers */ = {
			isa = PBXGroup;
			children = (
				AD558A1222A53DC600F106F0 /* RefreshViewController.swift */,
				AD70F7FA2292DEE500E02FBA /* EffortAnalysisViewController.swift */,
				F42ECF0321CFD3090096F83B /* ActivityDetailViewController.swift */,
				F49E07DB21E1244000A0D678 /* SegmentDetailViewController.swift */,
				F41C7A2E21D0E820003A5C31 /* StravaConnectViewController.swift */,
				F4213A9A221EB94700FE8844 /* ConnectViewController.swift */,
				F4AAD80A21DCF788006ED5DD /* SettingsTableViewController.swift */,
				AD31B335229E8AB700F41FE8 /* InitialViewController.swift */,
			);
			name = "Detail View Controllers";
			path = "View Controllers";
			sourceTree = "<group>";
		};
		F42ECF0C21CFE4B70096F83B /* Data Loading */ = {
			isa = PBXGroup;
			children = (
				F42ECF0F21CFEBC20096F83B /* Strava Manager.swift */,
				F475B72621D232BC0028F2AF /* StravaSwift Extensions.swift */,
			);
			path = "Data Loading";
			sourceTree = "<group>";
		};
		F4DC5A1A21D4C7CC0017983E /* Utilities */ = {
			isa = PBXGroup;
			children = (
				AD2F742C229FD8B000AFA9DC /* Filter.swift */,
				F4031DB52242A70500093B2E /* StreamOwner.swift */,
				F47B5DCF22426ADD00A765EA /* Constants.swift */,
				F42585A5224161CA00BCDA86 /* ViewProfileData.swift */,
				F4DC5A1821D4C7B50017983E /* Distance Utilities.swift */,
				F4AAD80C21DD251C006ED5DD /* Settings.swift */,
				F4BDDFBC21DFD19300E4668B /* PopupChooser.swift */,
				F4611B9E21F3935C00EDFC13 /* General Utilities.swift */,
				F4C44BEA2271ADF9009139C3 /* Chart Utilities.swift */,
			);
			path = Utilities;
			sourceTree = "<group>";
		};
		F4FD52E32229AB5A0005CFC9 /* View Controllers */ = {
			isa = PBXGroup;
			children = (
				F47B92622232CF0000B83303 /* RVSplitViewController.swift */,
				F4FD52E42229AB850005CFC9 /* RVRouteProfileViewController.swift */,
			);
			name = "View Controllers";
			path = "View Controllers/View Controllers";
			sourceTree = "<group>";
		};
/* End PBXGroup section */

/* Begin PBXNativeTarget section */
		F42ECEDF21CF91130096F83B /* RideViewer */ = {
			isa = PBXNativeTarget;
			buildConfigurationList = F42ECEF521CF91150096F83B /* Build configuration list for PBXNativeTarget "RideViewer" */;
			buildPhases = (
				F922DC697E650C2792AB7CEA /* [CP] Check Pods Manifest.lock */,
				F42ECEDC21CF91130096F83B /* Sources */,
				F42ECEDD21CF91130096F83B /* Frameworks */,
				F42ECEDE21CF91130096F83B /* Resources */,
				3956998ED8A89DDB9D878C9D /* [CP] Embed Pods Frameworks */,
			);
			buildRules = (
			);
			dependencies = (
			);
			name = RideViewer;
			productName = RideViewer;
			productReference = F42ECEE021CF91130096F83B /* RideViewer.app */;
			productType = "com.apple.product-type.application";
		};
/* End PBXNativeTarget section */

/* Begin PBXProject section */
		F42ECED821CF91130096F83B /* Project object */ = {
			isa = PBXProject;
			attributes = {
				LastSwiftUpdateCheck = 1010;
				LastUpgradeCheck = 1010;
				ORGANIZATIONNAME = Home;
				TargetAttributes = {
					F42ECEDF21CF91130096F83B = {
						CreatedOnToolsVersion = 10.1;
						LastSwiftMigration = 1020;
					};
				};
			};
			buildConfigurationList = F42ECEDB21CF91130096F83B /* Build configuration list for PBXProject "RideViewer" */;
			compatibilityVersion = "Xcode 9.3";
			developmentRegion = en;
			hasScannedForEncodings = 0;
			knownRegions = (
				en,
				Base,
			);
			mainGroup = F42ECED721CF91130096F83B;
			productRefGroup = F42ECEE121CF91130096F83B /* Products */;
			projectDirPath = "";
			projectRoot = "";
			targets = (
				F42ECEDF21CF91130096F83B /* RideViewer */,
			);
		};
/* End PBXProject section */

/* Begin PBXResourcesBuildPhase section */
		F42ECEDE21CF91130096F83B /* Resources */ = {
			isa = PBXResourcesBuildPhase;
			buildActionMask = 2147483647;
			files = (
				F42ECEF121CF91150096F83B /* LaunchScreen.storyboard in Resources */,
				F41C7A2D21D0E7E5003A5C31 /* Images.xcassets in Resources */,
				AD14035F229D92CE0001502F /* EffortList.storyboard in Resources */,
				F461168F21E0A4BF00E2693C /* PopupChooser.storyboard in Resources */,
				AD140361229D937C0001502F /* RouteProfile.storyboard in Resources */,
				F42ECEEE21CF91150096F83B /* Assets.xcassets in Resources */,
				F42ECEE921CF91130096F83B /* Main.storyboard in Resources */,
			);
			runOnlyForDeploymentPostprocessing = 0;
		};
/* End PBXResourcesBuildPhase section */

/* Begin PBXShellScriptBuildPhase section */
		3956998ED8A89DDB9D878C9D /* [CP] Embed Pods Frameworks */ = {
			isa = PBXShellScriptBuildPhase;
			buildActionMask = 2147483647;
			files = (
			);
			inputPaths = (
				"${PODS_ROOT}/Target Support Files/Pods-RideViewer/Pods-RideViewer-frameworks.sh",
				"${BUILT_PRODUCTS_DIR}/Alamofire/Alamofire.framework",
				"${BUILT_PRODUCTS_DIR}/Charts/Charts.framework",
				"${BUILT_PRODUCTS_DIR}/ObjcExceptionBridging/ObjcExceptionBridging.framework",
				"${BUILT_PRODUCTS_DIR}/Polyline/Polyline.framework",
				"${BUILT_PRODUCTS_DIR}/StravaSwift/StravaSwift.framework",
				"${BUILT_PRODUCTS_DIR}/SwiftyJSON/SwiftyJSON.framework",
				"${BUILT_PRODUCTS_DIR}/XCGLogger/XCGLogger.framework",
			);
			name = "[CP] Embed Pods Frameworks";
			outputPaths = (
				"${TARGET_BUILD_DIR}/${FRAMEWORKS_FOLDER_PATH}/Alamofire.framework",
				"${TARGET_BUILD_DIR}/${FRAMEWORKS_FOLDER_PATH}/Charts.framework",
				"${TARGET_BUILD_DIR}/${FRAMEWORKS_FOLDER_PATH}/ObjcExceptionBridging.framework",
				"${TARGET_BUILD_DIR}/${FRAMEWORKS_FOLDER_PATH}/Polyline.framework",
				"${TARGET_BUILD_DIR}/${FRAMEWORKS_FOLDER_PATH}/StravaSwift.framework",
				"${TARGET_BUILD_DIR}/${FRAMEWORKS_FOLDER_PATH}/SwiftyJSON.framework",
				"${TARGET_BUILD_DIR}/${FRAMEWORKS_FOLDER_PATH}/XCGLogger.framework",
			);
			runOnlyForDeploymentPostprocessing = 0;
			shellPath = /bin/sh;
			shellScript = "\"${PODS_ROOT}/Target Support Files/Pods-RideViewer/Pods-RideViewer-frameworks.sh\"\n";
			showEnvVarsInLog = 0;
		};
		F922DC697E650C2792AB7CEA /* [CP] Check Pods Manifest.lock */ = {
			isa = PBXShellScriptBuildPhase;
			buildActionMask = 2147483647;
			files = (
			);
			inputPaths = (
				"${PODS_PODFILE_DIR_PATH}/Podfile.lock",
				"${PODS_ROOT}/Manifest.lock",
			);
			name = "[CP] Check Pods Manifest.lock";
			outputPaths = (
				"$(DERIVED_FILE_DIR)/Pods-RideViewer-checkManifestLockResult.txt",
			);
			runOnlyForDeploymentPostprocessing = 0;
			shellPath = /bin/sh;
			shellScript = "diff \"${PODS_PODFILE_DIR_PATH}/Podfile.lock\" \"${PODS_ROOT}/Manifest.lock\" > /dev/null\nif [ $? != 0 ] ; then\n    # print error to STDERR\n    echo \"error: The sandbox is not in sync with the Podfile.lock. Run 'pod install' or update your CocoaPods installation.\" >&2\n    exit 1\nfi\n# This output is used by Xcode 'outputs' to avoid re-running this script phase.\necho \"SUCCESS\" > \"${SCRIPT_OUTPUT_FILE_0}\"\n";
			showEnvVarsInLog = 0;
		};
/* End PBXShellScriptBuildPhase section */

/* Begin PBXSourcesBuildPhase section */
		F42ECEDC21CF91130096F83B /* Sources */ = {
			isa = PBXSourcesBuildPhase;
			buildActionMask = 2147483647;
			files = (
				AD2F742D229FD8B000AFA9DC /* Filter.swift in Sources */,
				F4DC5A1921D4C7B50017983E /* Distance Utilities.swift in Sources */,
				F4F5195021FB79C3005D3752 /* RVStreamData+CoreDataClass.swift in Sources */,
				F4ED1BE02208AEB600821D76 /* RVMapView.swift in Sources */,
				AD558A1322A53DC600F106F0 /* RefreshViewController.swift in Sources */,
				F4611B9F21F3935C00EDFC13 /* General Utilities.swift in Sources */,
				F42ECF0121CFD25E0096F83B /* RVActivityListViewController.swift in Sources */,
				F42585A6224161CA00BCDA86 /* ViewProfileData.swift in Sources */,
				F4F5195121FB79C3005D3752 /* RVStreamData+CoreDataProperties.swift in Sources */,
				F4AAD80D21DD251C006ED5DD /* Settings.swift in Sources */,
				F42ECEEC21CF91130096F83B /* RideViewer.xcdatamodeld in Sources */,
				F4F5195321FB79C4005D3752 /* RVStream+CoreDataProperties.swift in Sources */,
				F4C113D321D6790B00188A30 /* RVEffort+CoreDataProperties.swift in Sources */,
				F40CC8AC21D666EE00EC3594 /* Views.swift in Sources */,
				F4048CAA2236B88500502DA5 /* RVSortFilterTableView.swift in Sources */,
				AD31B336229E8AB700F41FE8 /* InitialViewController.swift in Sources */,
				AD140363229D97220001502F /* RVAllEffortViewController.swift in Sources */,
				F42ECF0421CFD3090096F83B /* ActivityDetailViewController.swift in Sources */,
				F4F5195221FB79C3005D3752 /* RVStream+CoreDataClass.swift in Sources */,
				F429A6F821D7F23000A053DE /* Data Model Extensions.swift in Sources */,
				FA3F242B21DA7AC80048A828 /* RVMap+CoreDataClass.swift in Sources */,
				F49E07DC21E1244000A0D678 /* SegmentDetailViewController.swift in Sources */,
				F4C113D421D6790B00188A30 /* RVSegment+CoreDataClass.swift in Sources */,
				F4AAD80B21DCF788006ED5DD /* SettingsTableViewController.swift in Sources */,
				F47B5DD022426ADD00A765EA /* Constants.swift in Sources */,
				F4C113D221D6790B00188A30 /* RVEffort+CoreDataClass.swift in Sources */,
				F42ECEFE21CFA6790096F83B /* RVActivity+CoreDataClass.swift in Sources */,
				F41C7A2F21D0E820003A5C31 /* StravaConnectViewController.swift in Sources */,
				F4FD52E52229AB850005CFC9 /* RVRouteProfileViewController.swift in Sources */,
				F4C44BEB2271ADF9009139C3 /* Chart Utilities.swift in Sources */,
				F4BDDFBD21DFD19300E4668B /* PopupChooser.swift in Sources */,
				F475B72721D232BC0028F2AF /* StravaSwift Extensions.swift in Sources */,
				F41C7A3121D12EFA003A5C31 /* Display Extensions.swift in Sources */,
				F42ECF0B21CFE1A50096F83B /* MOC Extensions.swift in Sources */,
				F4C113D521D6790B00188A30 /* RVSegment+CoreDataProperties.swift in Sources */,
				F4031DB62242A70500093B2E /* StreamOwner.swift in Sources */,
				AD70F7FB2292DEE500E02FBA /* EffortAnalysisViewController.swift in Sources */,
				F4ED1BE22208B02A00821D76 /* RVRouteProfileView.swift in Sources */,
				FA3F242C21DA7AC80048A828 /* RVMap+CoreDataProperties.swift in Sources */,
				F47B92632232CF0000B83303 /* RVSplitViewController.swift in Sources */,
				F42ECEFF21CFA6790096F83B /* RVActivity+CoreDataProperties.swift in Sources */,
				F429A6F621D7ECF500A053DE /* RVSegmentListViewController.swift in Sources */,
				F4551A0722328386004F0767 /* MapKit extensions.swift in Sources */,
				F42ECF0921CFD5FF0096F83B /* DataManager.swift in Sources */,
				F42ECEE421CF91130096F83B /* AppDelegate.swift in Sources */,
				F42ECF1021CFEBC20096F83B /* Strava Manager.swift in Sources */,
				F4048CB02236BCB700502DA5 /* RVEffortListViewController.swift in Sources */,
				F4213A9B221EB94700FE8844 /* ConnectViewController.swift in Sources */,
			);
			runOnlyForDeploymentPostprocessing = 0;
		};
/* End PBXSourcesBuildPhase section */

/* Begin PBXVariantGroup section */
		F42ECEE721CF91130096F83B /* Main.storyboard */ = {
			isa = PBXVariantGroup;
			children = (
				F42ECEE821CF91130096F83B /* Base */,
			);
			name = Main.storyboard;
			sourceTree = "<group>";
		};
		F42ECEEF21CF91150096F83B /* LaunchScreen.storyboard */ = {
			isa = PBXVariantGroup;
			children = (
				F42ECEF021CF91150096F83B /* Base */,
			);
			name = LaunchScreen.storyboard;
			sourceTree = "<group>";
		};
/* End PBXVariantGroup section */

/* Begin XCBuildConfiguration section */
		F42ECEF321CF91150096F83B /* Debug */ = {
			isa = XCBuildConfiguration;
			buildSettings = {
				ALWAYS_SEARCH_USER_PATHS = NO;
				CLANG_ANALYZER_NONNULL = YES;
				CLANG_ANALYZER_NUMBER_OBJECT_CONVERSION = YES_AGGRESSIVE;
				CLANG_CXX_LANGUAGE_STANDARD = "gnu++14";
				CLANG_CXX_LIBRARY = "libc++";
				CLANG_ENABLE_MODULES = YES;
				CLANG_ENABLE_OBJC_ARC = YES;
				CLANG_ENABLE_OBJC_WEAK = YES;
				CLANG_WARN_BLOCK_CAPTURE_AUTORELEASING = YES;
				CLANG_WARN_BOOL_CONVERSION = YES;
				CLANG_WARN_COMMA = YES;
				CLANG_WARN_CONSTANT_CONVERSION = YES;
				CLANG_WARN_DEPRECATED_OBJC_IMPLEMENTATIONS = YES;
				CLANG_WARN_DIRECT_OBJC_ISA_USAGE = YES_ERROR;
				CLANG_WARN_DOCUMENTATION_COMMENTS = YES;
				CLANG_WARN_EMPTY_BODY = YES;
				CLANG_WARN_ENUM_CONVERSION = YES;
				CLANG_WARN_INFINITE_RECURSION = YES;
				CLANG_WARN_INT_CONVERSION = YES;
				CLANG_WARN_NON_LITERAL_NULL_CONVERSION = YES;
				CLANG_WARN_OBJC_IMPLICIT_RETAIN_SELF = YES;
				CLANG_WARN_OBJC_LITERAL_CONVERSION = YES;
				CLANG_WARN_OBJC_ROOT_CLASS = YES_ERROR;
				CLANG_WARN_RANGE_LOOP_ANALYSIS = YES;
				CLANG_WARN_STRICT_PROTOTYPES = YES;
				CLANG_WARN_SUSPICIOUS_MOVE = YES;
				CLANG_WARN_UNGUARDED_AVAILABILITY = YES_AGGRESSIVE;
				CLANG_WARN_UNREACHABLE_CODE = YES;
				CLANG_WARN__DUPLICATE_METHOD_MATCH = YES;
				CODE_SIGN_IDENTITY = "iPhone Developer";
				COPY_PHASE_STRIP = NO;
				DEBUG_INFORMATION_FORMAT = dwarf;
				ENABLE_STRICT_OBJC_MSGSEND = YES;
				ENABLE_TESTABILITY = YES;
				GCC_C_LANGUAGE_STANDARD = gnu11;
				GCC_DYNAMIC_NO_PIC = NO;
				GCC_NO_COMMON_BLOCKS = YES;
				GCC_OPTIMIZATION_LEVEL = 0;
				GCC_PREPROCESSOR_DEFINITIONS = (
					"DEBUG=1",
					"$(inherited)",
				);
				GCC_WARN_64_TO_32_BIT_CONVERSION = YES;
				GCC_WARN_ABOUT_RETURN_TYPE = YES_ERROR;
				GCC_WARN_UNDECLARED_SELECTOR = YES;
				GCC_WARN_UNINITIALIZED_AUTOS = YES_AGGRESSIVE;
				GCC_WARN_UNUSED_FUNCTION = YES;
				GCC_WARN_UNUSED_VARIABLE = YES;
				IPHONEOS_DEPLOYMENT_TARGET = 12.1;
				MTL_ENABLE_DEBUG_INFO = INCLUDE_SOURCE;
				MTL_FAST_MATH = YES;
				ONLY_ACTIVE_ARCH = YES;
				SDKROOT = iphoneos;
				SWIFT_ACTIVE_COMPILATION_CONDITIONS = DEBUG;
				SWIFT_OPTIMIZATION_LEVEL = "-Onone";
			};
			name = Debug;
		};
		F42ECEF421CF91150096F83B /* Release */ = {
			isa = XCBuildConfiguration;
			buildSettings = {
				ALWAYS_SEARCH_USER_PATHS = NO;
				CLANG_ANALYZER_NONNULL = YES;
				CLANG_ANALYZER_NUMBER_OBJECT_CONVERSION = YES_AGGRESSIVE;
				CLANG_CXX_LANGUAGE_STANDARD = "gnu++14";
				CLANG_CXX_LIBRARY = "libc++";
				CLANG_ENABLE_MODULES = YES;
				CLANG_ENABLE_OBJC_ARC = YES;
				CLANG_ENABLE_OBJC_WEAK = YES;
				CLANG_WARN_BLOCK_CAPTURE_AUTORELEASING = YES;
				CLANG_WARN_BOOL_CONVERSION = YES;
				CLANG_WARN_COMMA = YES;
				CLANG_WARN_CONSTANT_CONVERSION = YES;
				CLANG_WARN_DEPRECATED_OBJC_IMPLEMENTATIONS = YES;
				CLANG_WARN_DIRECT_OBJC_ISA_USAGE = YES_ERROR;
				CLANG_WARN_DOCUMENTATION_COMMENTS = YES;
				CLANG_WARN_EMPTY_BODY = YES;
				CLANG_WARN_ENUM_CONVERSION = YES;
				CLANG_WARN_INFINITE_RECURSION = YES;
				CLANG_WARN_INT_CONVERSION = YES;
				CLANG_WARN_NON_LITERAL_NULL_CONVERSION = YES;
				CLANG_WARN_OBJC_IMPLICIT_RETAIN_SELF = YES;
				CLANG_WARN_OBJC_LITERAL_CONVERSION = YES;
				CLANG_WARN_OBJC_ROOT_CLASS = YES_ERROR;
				CLANG_WARN_RANGE_LOOP_ANALYSIS = YES;
				CLANG_WARN_STRICT_PROTOTYPES = YES;
				CLANG_WARN_SUSPICIOUS_MOVE = YES;
				CLANG_WARN_UNGUARDED_AVAILABILITY = YES_AGGRESSIVE;
				CLANG_WARN_UNREACHABLE_CODE = YES;
				CLANG_WARN__DUPLICATE_METHOD_MATCH = YES;
				CODE_SIGN_IDENTITY = "iPhone Developer";
				COPY_PHASE_STRIP = NO;
				DEBUG_INFORMATION_FORMAT = "dwarf-with-dsym";
				ENABLE_NS_ASSERTIONS = NO;
				ENABLE_STRICT_OBJC_MSGSEND = YES;
				GCC_C_LANGUAGE_STANDARD = gnu11;
				GCC_NO_COMMON_BLOCKS = YES;
				GCC_WARN_64_TO_32_BIT_CONVERSION = YES;
				GCC_WARN_ABOUT_RETURN_TYPE = YES_ERROR;
				GCC_WARN_UNDECLARED_SELECTOR = YES;
				GCC_WARN_UNINITIALIZED_AUTOS = YES_AGGRESSIVE;
				GCC_WARN_UNUSED_FUNCTION = YES;
				GCC_WARN_UNUSED_VARIABLE = YES;
				IPHONEOS_DEPLOYMENT_TARGET = 12.1;
				MTL_ENABLE_DEBUG_INFO = NO;
				MTL_FAST_MATH = YES;
				SDKROOT = iphoneos;
				SWIFT_COMPILATION_MODE = wholemodule;
				SWIFT_OPTIMIZATION_LEVEL = "-O";
				VALIDATE_PRODUCT = YES;
			};
			name = Release;
		};
		F42ECEF621CF91150096F83B /* Debug */ = {
			isa = XCBuildConfiguration;
			baseConfigurationReference = 590E5ACF93A252F741663B7D /* Pods-RideViewer.debug.xcconfig */;
			buildSettings = {
				ASSETCATALOG_COMPILER_APPICON_NAME = AppIcon;
				CODE_SIGN_STYLE = Automatic;
				DEVELOPMENT_TEAM = 55XQEY82D5;
				INFOPLIST_FILE = RideViewer/Info.plist;
				LD_RUNPATH_SEARCH_PATHS = (
					"$(inherited)",
					"@executable_path/Frameworks",
				);
				PRODUCT_BUNDLE_IDENTIFIER = com.diggens.RideViewer;
				PRODUCT_NAME = "$(TARGET_NAME)";
				SWIFT_VERSION = 5.0;
				TARGETED_DEVICE_FAMILY = "1,2";
			};
			name = Debug;
		};
		F42ECEF721CF91150096F83B /* Release */ = {
			isa = XCBuildConfiguration;
			baseConfigurationReference = D272B46FE80E68DEE976D7CC /* Pods-RideViewer.release.xcconfig */;
			buildSettings = {
				ASSETCATALOG_COMPILER_APPICON_NAME = AppIcon;
				CODE_SIGN_STYLE = Automatic;
				DEVELOPMENT_TEAM = 55XQEY82D5;
				INFOPLIST_FILE = RideViewer/Info.plist;
				LD_RUNPATH_SEARCH_PATHS = (
					"$(inherited)",
					"@executable_path/Frameworks",
				);
				PRODUCT_BUNDLE_IDENTIFIER = com.diggens.RideViewer;
				PRODUCT_NAME = "$(TARGET_NAME)";
				SWIFT_VERSION = 5.0;
				TARGETED_DEVICE_FAMILY = "1,2";
			};
			name = Release;
		};
/* End XCBuildConfiguration section */

/* Begin XCConfigurationList section */
		F42ECEDB21CF91130096F83B /* Build configuration list for PBXProject "RideViewer" */ = {
			isa = XCConfigurationList;
			buildConfigurations = (
				F42ECEF321CF91150096F83B /* Debug */,
				F42ECEF421CF91150096F83B /* Release */,
			);
			defaultConfigurationIsVisible = 0;
			defaultConfigurationName = Release;
		};
		F42ECEF521CF91150096F83B /* Build configuration list for PBXNativeTarget "RideViewer" */ = {
			isa = XCConfigurationList;
			buildConfigurations = (
				F42ECEF621CF91150096F83B /* Debug */,
				F42ECEF721CF91150096F83B /* Release */,
			);
			defaultConfigurationIsVisible = 0;
			defaultConfigurationName = Release;
		};
/* End XCConfigurationList section */

/* Begin XCVersionGroup section */
		F42ECEEA21CF91130096F83B /* RideViewer.xcdatamodeld */ = {
			isa = XCVersionGroup;
			children = (
				F42ECEEB21CF91130096F83B /* RideViewer.xcdatamodel */,
			);
			currentVersion = F42ECEEB21CF91130096F83B /* RideViewer.xcdatamodel */;
			path = RideViewer.xcdatamodeld;
			sourceTree = "<group>";
			versionGroupType = wrapper.xcdatamodel;
		};
/* End XCVersionGroup section */
	};
	rootObject = F42ECED821CF91130096F83B /* Project object */;
}
