// !$*UTF8*$!
{
	archiveVersion = 1;
	classes = {
	};
	objectVersion = 50;
	objects = {

/* Begin PBXBuildFile section */
		1F7F7563C601199D9C01D301 /* Pods_RideViewer.framework in Frameworks */ = {isa = PBXBuildFile; fileRef = 2DC620C6C93D11AF021E27DB /* Pods_RideViewer.framework */; };
		F42ECEE421CF91130096F83B /* AppDelegate.swift in Sources */ = {isa = PBXBuildFile; fileRef = F42ECEE321CF91130096F83B /* AppDelegate.swift */; };
		F42ECEE621CF91130096F83B /* ViewController.swift in Sources */ = {isa = PBXBuildFile; fileRef = F42ECEE521CF91130096F83B /* ViewController.swift */; };
		F42ECEE921CF91130096F83B /* Main.storyboard in Resources */ = {isa = PBXBuildFile; fileRef = F42ECEE721CF91130096F83B /* Main.storyboard */; };
		F42ECEEC21CF91130096F83B /* RideViewer.xcdatamodeld in Sources */ = {isa = PBXBuildFile; fileRef = F42ECEEA21CF91130096F83B /* RideViewer.xcdatamodeld */; };
		F42ECEEE21CF91150096F83B /* Assets.xcassets in Resources */ = {isa = PBXBuildFile; fileRef = F42ECEED21CF91150096F83B /* Assets.xcassets */; };
		F42ECEF121CF91150096F83B /* LaunchScreen.storyboard in Resources */ = {isa = PBXBuildFile; fileRef = F42ECEEF21CF91150096F83B /* LaunchScreen.storyboard */; };
		F42ECEFE21CFA6790096F83B /* RVActivity+CoreDataClass.swift in Sources */ = {isa = PBXBuildFile; fileRef = F42ECEFC21CFA6790096F83B /* RVActivity+CoreDataClass.swift */; };
		F42ECEFF21CFA6790096F83B /* RVActivity+CoreDataProperties.swift in Sources */ = {isa = PBXBuildFile; fileRef = F42ECEFD21CFA6790096F83B /* RVActivity+CoreDataProperties.swift */; };
		F42ECF0121CFD25E0096F83B /* ActivityListViewController.swift in Sources */ = {isa = PBXBuildFile; fileRef = F42ECF0021CFD25E0096F83B /* ActivityListViewController.swift */; };
		F42ECF0421CFD3090096F83B /* ActivityDetailViewController.swift in Sources */ = {isa = PBXBuildFile; fileRef = F42ECF0321CFD3090096F83B /* ActivityDetailViewController.swift */; };
		F42ECF0721CFD5D80096F83B /* ListViewMaster.swift in Sources */ = {isa = PBXBuildFile; fileRef = F42ECF0621CFD5D80096F83B /* ListViewMaster.swift */; };
		F42ECF0921CFD5FF0096F83B /* DataManager.swift in Sources */ = {isa = PBXBuildFile; fileRef = F42ECF0821CFD5FF0096F83B /* DataManager.swift */; };
		F42ECF0B21CFE1A50096F83B /* MOC Extensions.swift in Sources */ = {isa = PBXBuildFile; fileRef = F42ECF0A21CFE1A50096F83B /* MOC Extensions.swift */; };
		F42ECF1021CFEBC20096F83B /* Strava Authorise.swift in Sources */ = {isa = PBXBuildFile; fileRef = F42ECF0F21CFEBC20096F83B /* Strava Authorise.swift */; };
/* End PBXBuildFile section */

/* Begin PBXFileReference section */
		2DC620C6C93D11AF021E27DB /* Pods_RideViewer.framework */ = {isa = PBXFileReference; explicitFileType = wrapper.framework; includeInIndex = 0; path = Pods_RideViewer.framework; sourceTree = BUILT_PRODUCTS_DIR; };
		590E5ACF93A252F741663B7D /* Pods-RideViewer.debug.xcconfig */ = {isa = PBXFileReference; includeInIndex = 1; lastKnownFileType = text.xcconfig; name = "Pods-RideViewer.debug.xcconfig"; path = "Pods/Target Support Files/Pods-RideViewer/Pods-RideViewer.debug.xcconfig"; sourceTree = "<group>"; };
		D272B46FE80E68DEE976D7CC /* Pods-RideViewer.release.xcconfig */ = {isa = PBXFileReference; includeInIndex = 1; lastKnownFileType = text.xcconfig; name = "Pods-RideViewer.release.xcconfig"; path = "Pods/Target Support Files/Pods-RideViewer/Pods-RideViewer.release.xcconfig"; sourceTree = "<group>"; };
		F42ECEE021CF91130096F83B /* RideViewer.app */ = {isa = PBXFileReference; explicitFileType = wrapper.application; includeInIndex = 0; path = RideViewer.app; sourceTree = BUILT_PRODUCTS_DIR; };
		F42ECEE321CF91130096F83B /* AppDelegate.swift */ = {isa = PBXFileReference; lastKnownFileType = sourcecode.swift; path = AppDelegate.swift; sourceTree = "<group>"; };
		F42ECEE521CF91130096F83B /* ViewController.swift */ = {isa = PBXFileReference; lastKnownFileType = sourcecode.swift; path = ViewController.swift; sourceTree = "<group>"; };
		F42ECEE821CF91130096F83B /* Base */ = {isa = PBXFileReference; lastKnownFileType = file.storyboard; name = Base; path = Base.lproj/Main.storyboard; sourceTree = "<group>"; };
		F42ECEEB21CF91130096F83B /* RideViewer.xcdatamodel */ = {isa = PBXFileReference; lastKnownFileType = wrapper.xcdatamodel; path = RideViewer.xcdatamodel; sourceTree = "<group>"; };
		F42ECEED21CF91150096F83B /* Assets.xcassets */ = {isa = PBXFileReference; lastKnownFileType = folder.assetcatalog; path = Assets.xcassets; sourceTree = "<group>"; };
		F42ECEF021CF91150096F83B /* Base */ = {isa = PBXFileReference; lastKnownFileType = file.storyboard; name = Base; path = Base.lproj/LaunchScreen.storyboard; sourceTree = "<group>"; };
		F42ECEF221CF91150096F83B /* Info.plist */ = {isa = PBXFileReference; lastKnownFileType = text.plist.xml; name = Info.plist; path = ../RideViewer/Info.plist; sourceTree = "<group>"; };
		F42ECEFC21CFA6790096F83B /* RVActivity+CoreDataClass.swift */ = {isa = PBXFileReference; lastKnownFileType = sourcecode.swift; path = "RVActivity+CoreDataClass.swift"; sourceTree = "<group>"; };
		F42ECEFD21CFA6790096F83B /* RVActivity+CoreDataProperties.swift */ = {isa = PBXFileReference; lastKnownFileType = sourcecode.swift; path = "RVActivity+CoreDataProperties.swift"; sourceTree = "<group>"; };
		F42ECF0021CFD25E0096F83B /* ActivityListViewController.swift */ = {isa = PBXFileReference; lastKnownFileType = sourcecode.swift; path = ActivityListViewController.swift; sourceTree = "<group>"; };
		F42ECF0321CFD3090096F83B /* ActivityDetailViewController.swift */ = {isa = PBXFileReference; lastKnownFileType = sourcecode.swift; name = ActivityDetailViewController.swift; path = "Detail View Controllers/ActivityDetailViewController.swift"; sourceTree = "<group>"; };
		F42ECF0621CFD5D80096F83B /* ListViewMaster.swift */ = {isa = PBXFileReference; fileEncoding = 4; lastKnownFileType = sourcecode.swift; path = ListViewMaster.swift; sourceTree = "<group>"; };
		F42ECF0821CFD5FF0096F83B /* DataManager.swift */ = {isa = PBXFileReference; fileEncoding = 4; lastKnownFileType = sourcecode.swift; path = DataManager.swift; sourceTree = "<group>"; };
		F42ECF0A21CFE1A50096F83B /* MOC Extensions.swift */ = {isa = PBXFileReference; fileEncoding = 4; lastKnownFileType = sourcecode.swift; path = "MOC Extensions.swift"; sourceTree = "<group>"; };
		F42ECF0F21CFEBC20096F83B /* Strava Authorise.swift */ = {isa = PBXFileReference; lastKnownFileType = sourcecode.swift; path = "Strava Authorise.swift"; sourceTree = "<group>"; };
/* End PBXFileReference section */

/* Begin PBXFrameworksBuildPhase section */
		F42ECEDD21CF91130096F83B /* Frameworks */ = {
			isa = PBXFrameworksBuildPhase;
			buildActionMask = 2147483647;
			files = (
				1F7F7563C601199D9C01D301 /* Pods_RideViewer.framework in Frameworks */,
			);
			runOnlyForDeploymentPostprocessing = 0;
		};
/* End PBXFrameworksBuildPhase section */

/* Begin PBXGroup section */
		9E3070EACA1EDB68386C055E /* Frameworks */ = {
			isa = PBXGroup;
			children = (
				2DC620C6C93D11AF021E27DB /* Pods_RideViewer.framework */,
			);
			name = Frameworks;
			sourceTree = "<group>";
		};
		A50DCAEEAF1C427777F084DE /* Pods */ = {
			isa = PBXGroup;
			children = (
				590E5ACF93A252F741663B7D /* Pods-RideViewer.debug.xcconfig */,
				D272B46FE80E68DEE976D7CC /* Pods-RideViewer.release.xcconfig */,
			);
			name = Pods;
			sourceTree = "<group>";
		};
		F42ECED721CF91130096F83B = {
			isa = PBXGroup;
			children = (
				F42ECEE221CF91130096F83B /* RideViewer */,
				F42ECEFA21CF92560096F83B /* View Controllers */,
				F42ECF0221CFD28C0096F83B /* List View Controllers */,
				F42ECF0521CFD3130096F83B /* Detail View Controllers */,
				F42ECEFB21CF92660096F83B /* Storyboards */,
				F42ECEF921CF92430096F83B /* Data Model */,
				F42ECEF821CF922B0096F83B /* Supporting files */,
				F42ECF0C21CFE4B70096F83B /* Data Loading */,
				F42ECEE121CF91130096F83B /* Products */,
				A50DCAEEAF1C427777F084DE /* Pods */,
				9E3070EACA1EDB68386C055E /* Frameworks */,
			);
			sourceTree = "<group>";
		};
		F42ECEE121CF91130096F83B /* Products */ = {
			isa = PBXGroup;
			children = (
				F42ECEE021CF91130096F83B /* RideViewer.app */,
			);
			name = Products;
			sourceTree = "<group>";
		};
		F42ECEE221CF91130096F83B /* RideViewer */ = {
			isa = PBXGroup;
			children = (
				F42ECEE321CF91130096F83B /* AppDelegate.swift */,
			);
			path = RideViewer;
			sourceTree = "<group>";
		};
		F42ECEF821CF922B0096F83B /* Supporting files */ = {
			isa = PBXGroup;
			children = (
				F42ECEED21CF91150096F83B /* Assets.xcassets */,
				F42ECEF221CF91150096F83B /* Info.plist */,
			);
			path = "Supporting files";
			sourceTree = "<group>";
		};
		F42ECEF921CF92430096F83B /* Data Model */ = {
			isa = PBXGroup;
			children = (
				F42ECF0A21CFE1A50096F83B /* MOC Extensions.swift */,
				F42ECEFC21CFA6790096F83B /* RVActivity+CoreDataClass.swift */,
				F42ECEFD21CFA6790096F83B /* RVActivity+CoreDataProperties.swift */,
				F42ECEEA21CF91130096F83B /* RideViewer.xcdatamodeld */,
			);
			path = "Data Model";
			sourceTree = "<group>";
		};
		F42ECEFA21CF92560096F83B /* View Controllers */ = {
			isa = PBXGroup;
			children = (
				F42ECF0321CFD3090096F83B /* ActivityDetailViewController.swift */,
				F42ECEE521CF91130096F83B /* ViewController.swift */,
			);
			path = "View Controllers";
			sourceTree = "<group>";
		};
		F42ECEFB21CF92660096F83B /* Storyboards */ = {
			isa = PBXGroup;
			children = (
				F42ECEE721CF91130096F83B /* Main.storyboard */,
				F42ECEEF21CF91150096F83B /* LaunchScreen.storyboard */,
			);
			path = Storyboards;
			sourceTree = "<group>";
		};
		F42ECF0221CFD28C0096F83B /* List View Controllers */ = {
			isa = PBXGroup;
			children = (
				F42ECF0821CFD5FF0096F83B /* DataManager.swift */,
				F42ECF0621CFD5D80096F83B /* ListViewMaster.swift */,
				F42ECF0021CFD25E0096F83B /* ActivityListViewController.swift */,
			);
			name = "List View Controllers";
			path = "View Controllers/List View Controllers";
			sourceTree = "<group>";
		};
		F42ECF0521CFD3130096F83B /* Detail View Controllers */ = {
			isa = PBXGroup;
			children = (
			);
			name = "Detail View Controllers";
			path = "View Controllers";
			sourceTree = "<group>";
		};
		F42ECF0C21CFE4B70096F83B /* Data Loading */ = {
			isa = PBXGroup;
			children = (
				F42ECF0F21CFEBC20096F83B /* Strava Authorise.swift */,
			);
			path = "Data Loading";
			sourceTree = "<group>";
		};
/* End PBXGroup section */

/* Begin PBXNativeTarget section */
		F42ECEDF21CF91130096F83B /* RideViewer */ = {
			isa = PBXNativeTarget;
			buildConfigurationList = F42ECEF521CF91150096F83B /* Build configuration list for PBXNativeTarget "RideViewer" */;
			buildPhases = (
				F922DC697E650C2792AB7CEA /* [CP] Check Pods Manifest.lock */,
				F42ECEDC21CF91130096F83B /* Sources */,
				F42ECEDD21CF91130096F83B /* Frameworks */,
				F42ECEDE21CF91130096F83B /* Resources */,
				3956998ED8A89DDB9D878C9D /* [CP] Embed Pods Frameworks */,
			);
			buildRules = (
			);
			dependencies = (
			);
			name = RideViewer;
			productName = RideViewer;
			productReference = F42ECEE021CF91130096F83B /* RideViewer.app */;
			productType = "com.apple.product-type.application";
		};
/* End PBXNativeTarget section */

/* Begin PBXProject section */
		F42ECED821CF91130096F83B /* Project object */ = {
			isa = PBXProject;
			attributes = {
				LastSwiftUpdateCheck = 1010;
				LastUpgradeCheck = 1010;
				ORGANIZATIONNAME = Home;
				TargetAttributes = {
					F42ECEDF21CF91130096F83B = {
						CreatedOnToolsVersion = 10.1;
					};
				};
			};
			buildConfigurationList = F42ECEDB21CF91130096F83B /* Build configuration list for PBXProject "RideViewer" */;
			compatibilityVersion = "Xcode 9.3";
			developmentRegion = en;
			hasScannedForEncodings = 0;
			knownRegions = (
				en,
				Base,
			);
			mainGroup = F42ECED721CF91130096F83B;
			productRefGroup = F42ECEE121CF91130096F83B /* Products */;
			projectDirPath = "";
			projectRoot = "";
			targets = (
				F42ECEDF21CF91130096F83B /* RideViewer */,
			);
		};
/* End PBXProject section */

/* Begin PBXResourcesBuildPhase section */
		F42ECEDE21CF91130096F83B /* Resources */ = {
			isa = PBXResourcesBuildPhase;
			buildActionMask = 2147483647;
			files = (
				F42ECEF121CF91150096F83B /* LaunchScreen.storyboard in Resources */,
				F42ECEEE21CF91150096F83B /* Assets.xcassets in Resources */,
				F42ECEE921CF91130096F83B /* Main.storyboard in Resources */,
			);
			runOnlyForDeploymentPostprocessing = 0;
		};
/* End PBXResourcesBuildPhase section */

/* Begin PBXShellScriptBuildPhase section */
		3956998ED8A89DDB9D878C9D /* [CP] Embed Pods Frameworks */ = {
			isa = PBXShellScriptBuildPhase;
			buildActionMask = 2147483647;
			files = (
			);
			inputPaths = (
				"${SRCROOT}/Pods/Target Support Files/Pods-RideViewer/Pods-RideViewer-frameworks.sh",
				"${BUILT_PRODUCTS_DIR}/Alamofire/Alamofire.framework",
				"${BUILT_PRODUCTS_DIR}/ObjcExceptionBridging/ObjcExceptionBridging.framework",
				"${BUILT_PRODUCTS_DIR}/StravaSwift/StravaSwift.framework",
				"${BUILT_PRODUCTS_DIR}/SwiftyJSON/SwiftyJSON.framework",
				"${BUILT_PRODUCTS_DIR}/XCGLogger/XCGLogger.framework",
			);
			name = "[CP] Embed Pods Frameworks";
			outputPaths = (
				"${TARGET_BUILD_DIR}/${FRAMEWORKS_FOLDER_PATH}/Alamofire.framework",
				"${TARGET_BUILD_DIR}/${FRAMEWORKS_FOLDER_PATH}/ObjcExceptionBridging.framework",
				"${TARGET_BUILD_DIR}/${FRAMEWORKS_FOLDER_PATH}/StravaSwift.framework",
				"${TARGET_BUILD_DIR}/${FRAMEWORKS_FOLDER_PATH}/SwiftyJSON.framework",
				"${TARGET_BUILD_DIR}/${FRAMEWORKS_FOLDER_PATH}/XCGLogger.framework",
			);
			runOnlyForDeploymentPostprocessing = 0;
			shellPath = /bin/sh;
			shellScript = "\"${SRCROOT}/Pods/Target Support Files/Pods-RideViewer/Pods-RideViewer-frameworks.sh\"\n";
			showEnvVarsInLog = 0;
		};
		F922DC697E650C2792AB7CEA /* [CP] Check Pods Manifest.lock */ = {
			isa = PBXShellScriptBuildPhase;
			buildActionMask = 2147483647;
			files = (
			);
			inputPaths = (
				"${PODS_PODFILE_DIR_PATH}/Podfile.lock",
				"${PODS_ROOT}/Manifest.lock",
			);
			name = "[CP] Check Pods Manifest.lock";
			outputPaths = (
				"$(DERIVED_FILE_DIR)/Pods-RideViewer-checkManifestLockResult.txt",
			);
			runOnlyForDeploymentPostprocessing = 0;
			shellPath = /bin/sh;
			shellScript = "diff \"${PODS_PODFILE_DIR_PATH}/Podfile.lock\" \"${PODS_ROOT}/Manifest.lock\" > /dev/null\nif [ $? != 0 ] ; then\n    # print error to STDERR\n    echo \"error: The sandbox is not in sync with the Podfile.lock. Run 'pod install' or update your CocoaPods installation.\" >&2\n    exit 1\nfi\n# This output is used by Xcode 'outputs' to avoid re-running this script phase.\necho \"SUCCESS\" > \"${SCRIPT_OUTPUT_FILE_0}\"\n";
			showEnvVarsInLog = 0;
		};
/* End PBXShellScriptBuildPhase section */

/* Begin PBXSourcesBuildPhase section */
		F42ECEDC21CF91130096F83B /* Sources */ = {
			isa = PBXSourcesBuildPhase;
			buildActionMask = 2147483647;
			files = (
				F42ECF0121CFD25E0096F83B /* ActivityListViewController.swift in Sources */,
				F42ECEEC21CF91130096F83B /* RideViewer.xcdatamodeld in Sources */,
				F42ECF0721CFD5D80096F83B /* ListViewMaster.swift in Sources */,
				F42ECF0421CFD3090096F83B /* ActivityDetailViewController.swift in Sources */,
				F42ECEE621CF91130096F83B /* ViewController.swift in Sources */,
				F42ECEFE21CFA6790096F83B /* RVActivity+CoreDataClass.swift in Sources */,
				F42ECF0B21CFE1A50096F83B /* MOC Extensions.swift in Sources */,
				F42ECEFF21CFA6790096F83B /* RVActivity+CoreDataProperties.swift in Sources */,
				F42ECF0921CFD5FF0096F83B /* DataManager.swift in Sources */,
				F42ECEE421CF91130096F83B /* AppDelegate.swift in Sources */,
				F42ECF1021CFEBC20096F83B /* Strava Authorise.swift in Sources */,
			);
			runOnlyForDeploymentPostprocessing = 0;
		};
/* End PBXSourcesBuildPhase section */

/* Begin PBXVariantGroup section */
		F42ECEE721CF91130096F83B /* Main.storyboard */ = {
			isa = PBXVariantGroup;
			children = (
				F42ECEE821CF91130096F83B /* Base */,
			);
			name = Main.storyboard;
			sourceTree = "<group>";
		};
		F42ECEEF21CF91150096F83B /* LaunchScreen.storyboard */ = {
			isa = PBXVariantGroup;
			children = (
				F42ECEF021CF91150096F83B /* Base */,
			);
			name = LaunchScreen.storyboard;
			sourceTree = "<group>";
		};
/* End PBXVariantGroup section */

/* Begin XCBuildConfiguration section */
		F42ECEF321CF91150096F83B /* Debug */ = {
			isa = XCBuildConfiguration;
			buildSettings = {
				ALWAYS_SEARCH_USER_PATHS = NO;
				CLANG_ANALYZER_NONNULL = YES;
				CLANG_ANALYZER_NUMBER_OBJECT_CONVERSION = YES_AGGRESSIVE;
				CLANG_CXX_LANGUAGE_STANDARD = "gnu++14";
				CLANG_CXX_LIBRARY = "libc++";
				CLANG_ENABLE_MODULES = YES;
				CLANG_ENABLE_OBJC_ARC = YES;
				CLANG_ENABLE_OBJC_WEAK = YES;
				CLANG_WARN_BLOCK_CAPTURE_AUTORELEASING = YES;
				CLANG_WARN_BOOL_CONVERSION = YES;
				CLANG_WARN_COMMA = YES;
				CLANG_WARN_CONSTANT_CONVERSION = YES;
				CLANG_WARN_DEPRECATED_OBJC_IMPLEMENTATIONS = YES;
				CLANG_WARN_DIRECT_OBJC_ISA_USAGE = YES_ERROR;
				CLANG_WARN_DOCUMENTATION_COMMENTS = YES;
				CLANG_WARN_EMPTY_BODY = YES;
				CLANG_WARN_ENUM_CONVERSION = YES;
				CLANG_WARN_INFINITE_RECURSION = YES;
				CLANG_WARN_INT_CONVERSION = YES;
				CLANG_WARN_NON_LITERAL_NULL_CONVERSION = YES;
				CLANG_WARN_OBJC_IMPLICIT_RETAIN_SELF = YES;
				CLANG_WARN_OBJC_LITERAL_CONVERSION = YES;
				CLANG_WARN_OBJC_ROOT_CLASS = YES_ERROR;
				CLANG_WARN_RANGE_LOOP_ANALYSIS = YES;
				CLANG_WARN_STRICT_PROTOTYPES = YES;
				CLANG_WARN_SUSPICIOUS_MOVE = YES;
				CLANG_WARN_UNGUARDED_AVAILABILITY = YES_AGGRESSIVE;
				CLANG_WARN_UNREACHABLE_CODE = YES;
				CLANG_WARN__DUPLICATE_METHOD_MATCH = YES;
				CODE_SIGN_IDENTITY = "iPhone Developer";
				COPY_PHASE_STRIP = NO;
				DEBUG_INFORMATION_FORMAT = dwarf;
				ENABLE_STRICT_OBJC_MSGSEND = YES;
				ENABLE_TESTABILITY = YES;
				GCC_C_LANGUAGE_STANDARD = gnu11;
				GCC_DYNAMIC_NO_PIC = NO;
				GCC_NO_COMMON_BLOCKS = YES;
				GCC_OPTIMIZATION_LEVEL = 0;
				GCC_PREPROCESSOR_DEFINITIONS = (
					"DEBUG=1",
					"$(inherited)",
				);
				GCC_WARN_64_TO_32_BIT_CONVERSION = YES;
				GCC_WARN_ABOUT_RETURN_TYPE = YES_ERROR;
				GCC_WARN_UNDECLARED_SELECTOR = YES;
				GCC_WARN_UNINITIALIZED_AUTOS = YES_AGGRESSIVE;
				GCC_WARN_UNUSED_FUNCTION = YES;
				GCC_WARN_UNUSED_VARIABLE = YES;
				IPHONEOS_DEPLOYMENT_TARGET = 12.1;
				MTL_ENABLE_DEBUG_INFO = INCLUDE_SOURCE;
				MTL_FAST_MATH = YES;
				ONLY_ACTIVE_ARCH = YES;
				SDKROOT = iphoneos;
				SWIFT_ACTIVE_COMPILATION_CONDITIONS = DEBUG;
				SWIFT_OPTIMIZATION_LEVEL = "-Onone";
			};
			name = Debug;
		};
		F42ECEF421CF91150096F83B /* Release */ = {
			isa = XCBuildConfiguration;
			buildSettings = {
				ALWAYS_SEARCH_USER_PATHS = NO;
				CLANG_ANALYZER_NONNULL = YES;
				CLANG_ANALYZER_NUMBER_OBJECT_CONVERSION = YES_AGGRESSIVE;
				CLANG_CXX_LANGUAGE_STANDARD = "gnu++14";
				CLANG_CXX_LIBRARY = "libc++";
				CLANG_ENABLE_MODULES = YES;
				CLANG_ENABLE_OBJC_ARC = YES;
				CLANG_ENABLE_OBJC_WEAK = YES;
				CLANG_WARN_BLOCK_CAPTURE_AUTORELEASING = YES;
				CLANG_WARN_BOOL_CONVERSION = YES;
				CLANG_WARN_COMMA = YES;
				CLANG_WARN_CONSTANT_CONVERSION = YES;
				CLANG_WARN_DEPRECATED_OBJC_IMPLEMENTATIONS = YES;
				CLANG_WARN_DIRECT_OBJC_ISA_USAGE = YES_ERROR;
				CLANG_WARN_DOCUMENTATION_COMMENTS = YES;
				CLANG_WARN_EMPTY_BODY = YES;
				CLANG_WARN_ENUM_CONVERSION = YES;
				CLANG_WARN_INFINITE_RECURSION = YES;
				CLANG_WARN_INT_CONVERSION = YES;
				CLANG_WARN_NON_LITERAL_NULL_CONVERSION = YES;
				CLANG_WARN_OBJC_IMPLICIT_RETAIN_SELF = YES;
				CLANG_WARN_OBJC_LITERAL_CONVERSION = YES;
				CLANG_WARN_OBJC_ROOT_CLASS = YES_ERROR;
				CLANG_WARN_RANGE_LOOP_ANALYSIS = YES;
				CLANG_WARN_STRICT_PROTOTYPES = YES;
				CLANG_WARN_SUSPICIOUS_MOVE = YES;
				CLANG_WARN_UNGUARDED_AVAILABILITY = YES_AGGRESSIVE;
				CLANG_WARN_UNREACHABLE_CODE = YES;
				CLANG_WARN__DUPLICATE_METHOD_MATCH = YES;
				CODE_SIGN_IDENTITY = "iPhone Developer";
				COPY_PHASE_STRIP = NO;
				DEBUG_INFORMATION_FORMAT = "dwarf-with-dsym";
				ENABLE_NS_ASSERTIONS = NO;
				ENABLE_STRICT_OBJC_MSGSEND = YES;
				GCC_C_LANGUAGE_STANDARD = gnu11;
				GCC_NO_COMMON_BLOCKS = YES;
				GCC_WARN_64_TO_32_BIT_CONVERSION = YES;
				GCC_WARN_ABOUT_RETURN_TYPE = YES_ERROR;
				GCC_WARN_UNDECLARED_SELECTOR = YES;
				GCC_WARN_UNINITIALIZED_AUTOS = YES_AGGRESSIVE;
				GCC_WARN_UNUSED_FUNCTION = YES;
				GCC_WARN_UNUSED_VARIABLE = YES;
				IPHONEOS_DEPLOYMENT_TARGET = 12.1;
				MTL_ENABLE_DEBUG_INFO = NO;
				MTL_FAST_MATH = YES;
				SDKROOT = iphoneos;
				SWIFT_COMPILATION_MODE = wholemodule;
				SWIFT_OPTIMIZATION_LEVEL = "-O";
				VALIDATE_PRODUCT = YES;
			};
			name = Release;
		};
		F42ECEF621CF91150096F83B /* Debug */ = {
			isa = XCBuildConfiguration;
			baseConfigurationReference = 590E5ACF93A252F741663B7D /* Pods-RideViewer.debug.xcconfig */;
			buildSettings = {
				ASSETCATALOG_COMPILER_APPICON_NAME = AppIcon;
				CODE_SIGN_STYLE = Automatic;
				DEVELOPMENT_TEAM = 55XQEY82D5;
				INFOPLIST_FILE = RideViewer/Info.plist;
				LD_RUNPATH_SEARCH_PATHS = (
					"$(inherited)",
					"@executable_path/Frameworks",
				);
				PRODUCT_BUNDLE_IDENTIFIER = com.diggens.RideViewer;
				PRODUCT_NAME = "$(TARGET_NAME)";
				SWIFT_VERSION = 4.2;
				TARGETED_DEVICE_FAMILY = "1,2";
			};
			name = Debug;
		};
		F42ECEF721CF91150096F83B /* Release */ = {
			isa = XCBuildConfiguration;
			baseConfigurationReference = D272B46FE80E68DEE976D7CC /* Pods-RideViewer.release.xcconfig */;
			buildSettings = {
				ASSETCATALOG_COMPILER_APPICON_NAME = AppIcon;
				CODE_SIGN_STYLE = Automatic;
				DEVELOPMENT_TEAM = 55XQEY82D5;
				INFOPLIST_FILE = RideViewer/Info.plist;
				LD_RUNPATH_SEARCH_PATHS = (
					"$(inherited)",
					"@executable_path/Frameworks",
				);
				PRODUCT_BUNDLE_IDENTIFIER = com.diggens.RideViewer;
				PRODUCT_NAME = "$(TARGET_NAME)";
				SWIFT_VERSION = 4.2;
				TARGETED_DEVICE_FAMILY = "1,2";
			};
			name = Release;
		};
/* End XCBuildConfiguration section */

/* Begin XCConfigurationList section */
		F42ECEDB21CF91130096F83B /* Build configuration list for PBXProject "RideViewer" */ = {
			isa = XCConfigurationList;
			buildConfigurations = (
				F42ECEF321CF91150096F83B /* Debug */,
				F42ECEF421CF91150096F83B /* Release */,
			);
			defaultConfigurationIsVisible = 0;
			defaultConfigurationName = Release;
		};
		F42ECEF521CF91150096F83B /* Build configuration list for PBXNativeTarget "RideViewer" */ = {
			isa = XCConfigurationList;
			buildConfigurations = (
				F42ECEF621CF91150096F83B /* Debug */,
				F42ECEF721CF91150096F83B /* Release */,
			);
			defaultConfigurationIsVisible = 0;
			defaultConfigurationName = Release;
		};
/* End XCConfigurationList section */

/* Begin XCVersionGroup section */
		F42ECEEA21CF91130096F83B /* RideViewer.xcdatamodeld */ = {
			isa = XCVersionGroup;
			children = (
				F42ECEEB21CF91130096F83B /* RideViewer.xcdatamodel */,
			);
			currentVersion = F42ECEEB21CF91130096F83B /* RideViewer.xcdatamodel */;
			path = RideViewer.xcdatamodeld;
			sourceTree = "<group>";
			versionGroupType = wrapper.xcdatamodel;
		};
/* End XCVersionGroup section */
	};
	rootObject = F42ECED821CF91130096F83B /* Project object */;
}
